{
  "name": "hoi4-zh-tw",
  "version": "1.0.0",
  "lockfileVersion": 2,
  "requires": true,
  "packages": {
    "": {
      "name": "hoi4-zh-tw",
      "version": "1.0.0",
      "license": "ISC",
      "dependencies": {
        "opencc-js": "^1.4.2"
      }
    },
    "node_modules/opencc-js": {
      "version": "1.4.2",
      "resolved": "https://registry.npmjs.org/opencc-js/-/opencc-js-1.4.2.tgz",
      "integrity": "sha512-EdcspgdROiCCZDM+jZR6Pa670xW+EW2QhctPBQ8gRjg6lrx4IHEl+2s+kt5izk/TkxVRgdWuFgaGkaEdIUfdaw=="
    }
  },
  "dependencies": {
    "opencc-js": {
      "version": "1.4.2",
      "resolved": "https://registry.npmjs.org/opencc-js/-/opencc-js-1.4.2.tgz",
      "integrity": "sha512-EdcspgdROiCCZDM+jZR6Pa670xW+EW2QhctPBQ8gRjg6lrx4IHEl+2s+kt5izk/TkxVRgdWuFgaGkaEdIUfdaw=="
    }
  }
}
